
Microsoft Visual Studio Solution File, Format Version 12.00
Project("{FAE04EC0-301F-11D3-BF4B-00C04F79EFBC}") = "ThreadExample1", "ThreadExample1\ThreadExample1.csproj", "{BE7BE6C4-3279-4FA0-B5A1-073C2ECC0D5B}"
EndProject
Global
	GlobalSection(SolutionConfigurationPlatforms) = preSolution
		Debug|Any CPU = Debug|Any CPU
		Release|Any CPU = Release|Any CPU
	EndGlobalSection
	GlobalSection(ProjectConfigurationPlatforms) = postSolution
		{BE7BE6C4-3279-4FA0-B5A1-073C2ECC0D5B}.Debug|Any CPU.ActiveCfg = Debug|Any CPU
		{BE7BE6C4-3279-4FA0-B5A1-073C2ECC0D5B}.Debug|Any CPU.Build.0 = Debug|Any CPU
		{BE7BE6C4-3279-4FA0-B5A1-073C2ECC0D5B}.Release|Any CPU.ActiveCfg = Release|Any CPU
		{BE7BE6C4-3279-4FA0-B5A1-073C2ECC0D5B}.Release|Any CPU.Build.0 = Release|Any CPU
	EndGlobalSection
EndGlobal
